
Microsoft Visual Studio Solution File, Format Version 12.00
# Visual Studio 2012
Project("{FAE04EC0-301F-11D3-BF4B-00C04F79EFBC}") = "ModernYalv", "ModernYalv\ModernYalv.csproj", "{08E10529-7400-421A-A581-BAAB522A13E4}"
EndProject
Project("{FAE04EC0-301F-11D3-BF4B-00C04F79EFBC}") = "MRU", "MRU\MRU.csproj", "{92E1C751-BA8E-404C-803C-57A197B3BB31}"
EndProject
Project("{FAE04EC0-301F-11D3-BF4B-00C04F79EFBC}") = "YALV", "YALV\YALV.csproj", "{D9109556-5B27-4FF2-AB53-837DF91A5466}"
EndProject
Project("{FAE04EC0-301F-11D3-BF4B-00C04F79EFBC}") = "YALV.Samples", "YALV.Samples\YALV.Samples.csproj", "{5276151E-F717-4893-9A09-C9DD3CE65F83}"
EndProject
Project("{FAE04EC0-301F-11D3-BF4B-00C04F79EFBC}") = "YalvLib", "YalvLib\YalvLib.csproj", "{5891D6C4-E0CE-4511-B689-B845491470F0}"
EndProject
Project("{FAE04EC0-301F-11D3-BF4B-00C04F79EFBC}") = "YalvLib.Tests", "YalvLib.Tests\YalvLib.Tests.csproj", "{18B30FBC-EF6C-4872-AD25-E7E2169C1239}"
EndProject
Project("{FAE04EC0-301F-11D3-BF4B-00C04F79EFBC}") = "YalvLib.Tests.Integration", "YalvLib.Tests.Integration\YalvLib.Tests.Integration.csproj", "{F57D5BE8-FA71-49B7-A074-F0D2E0030B4F}"
EndProject
Global
	GlobalSection(SolutionConfigurationPlatforms) = preSolution
		CD_ROM|Any CPU = CD_ROM|Any CPU
		CD_ROM|Mixed Platforms = CD_ROM|Mixed Platforms
		CD_ROM|x86 = CD_ROM|x86
		Debug|Any CPU = Debug|Any CPU
		Debug|Mixed Platforms = Debug|Mixed Platforms
		Debug|x86 = Debug|x86
		DVD-5|Any CPU = DVD-5|Any CPU
		DVD-5|Mixed Platforms = DVD-5|Mixed Platforms
		DVD-5|x86 = DVD-5|x86
		Release|Any CPU = Release|Any CPU
		Release|Mixed Platforms = Release|Mixed Platforms
		Release|x86 = Release|x86
		SingleImage|Any CPU = SingleImage|Any CPU
		SingleImage|Mixed Platforms = SingleImage|Mixed Platforms
		SingleImage|x86 = SingleImage|x86
	EndGlobalSection
	GlobalSection(ProjectConfigurationPlatforms) = postSolution
		{08E10529-7400-421A-A581-BAAB522A13E4}.CD_ROM|Any CPU.ActiveCfg = Release|Any CPU
		{08E10529-7400-421A-A581-BAAB522A13E4}.CD_ROM|Any CPU.Build.0 = Release|Any CPU
		{08E10529-7400-421A-A581-BAAB522A13E4}.CD_ROM|Mixed Platforms.ActiveCfg = Release|x86
		{08E10529-7400-421A-A581-BAAB522A13E4}.CD_ROM|Mixed Platforms.Build.0 = Release|x86
		{08E10529-7400-421A-A581-BAAB522A13E4}.CD_ROM|x86.ActiveCfg = Release|x86
		{08E10529-7400-421A-A581-BAAB522A13E4}.CD_ROM|x86.Build.0 = Release|x86
		{08E10529-7400-421A-A581-BAAB522A13E4}.Debug|Any CPU.ActiveCfg = Debug|Any CPU
		{08E10529-7400-421A-A581-BAAB522A13E4}.Debug|Any CPU.Build.0 = Debug|Any CPU
		{08E10529-7400-421A-A581-BAAB522A13E4}.Debug|Mixed Platforms.ActiveCfg = Debug|x86
		{08E10529-7400-421A-A581-BAAB522A13E4}.Debug|Mixed Platforms.Build.0 = Debug|x86
		{08E10529-7400-421A-A581-BAAB522A13E4}.Debug|x86.ActiveCfg = Debug|x86
		{08E10529-7400-421A-A581-BAAB522A13E4}.Debug|x86.Build.0 = Debug|x86
		{08E10529-7400-421A-A581-BAAB522A13E4}.DVD-5|Any CPU.ActiveCfg = Debug|Any CPU
		{08E10529-7400-421A-A581-BAAB522A13E4}.DVD-5|Any CPU.Build.0 = Debug|Any CPU
		{08E10529-7400-421A-A581-BAAB522A13E4}.DVD-5|Mixed Platforms.ActiveCfg = Debug|x86
		{08E10529-7400-421A-A581-BAAB522A13E4}.DVD-5|Mixed Platforms.Build.0 = Debug|x86
		{08E10529-7400-421A-A581-BAAB522A13E4}.DVD-5|x86.ActiveCfg = Debug|x86
		{08E10529-7400-421A-A581-BAAB522A13E4}.DVD-5|x86.Build.0 = Debug|x86
		{08E10529-7400-421A-A581-BAAB522A13E4}.Release|Any CPU.ActiveCfg = Release|Any CPU
		{08E10529-7400-421A-A581-BAAB522A13E4}.Release|Any CPU.Build.0 = Release|Any CPU
		{08E10529-7400-421A-A581-BAAB522A13E4}.Release|Mixed Platforms.ActiveCfg = Release|x86
		{08E10529-7400-421A-A581-BAAB522A13E4}.Release|Mixed Platforms.Build.0 = Release|x86
		{08E10529-7400-421A-A581-BAAB522A13E4}.Release|x86.ActiveCfg = Release|x86
		{08E10529-7400-421A-A581-BAAB522A13E4}.Release|x86.Build.0 = Release|x86
		{08E10529-7400-421A-A581-BAAB522A13E4}.SingleImage|Any CPU.ActiveCfg = Release|Any CPU
		{08E10529-7400-421A-A581-BAAB522A13E4}.SingleImage|Any CPU.Build.0 = Release|Any CPU
		{08E10529-7400-421A-A581-BAAB522A13E4}.SingleImage|Mixed Platforms.ActiveCfg = Release|x86
		{08E10529-7400-421A-A581-BAAB522A13E4}.SingleImage|Mixed Platforms.Build.0 = Release|x86
		{08E10529-7400-421A-A581-BAAB522A13E4}.SingleImage|x86.ActiveCfg = Release|x86
		{08E10529-7400-421A-A581-BAAB522A13E4}.SingleImage|x86.Build.0 = Release|x86
		{92E1C751-BA8E-404C-803C-57A197B3BB31}.CD_ROM|Any CPU.ActiveCfg = Release|Any CPU
		{92E1C751-BA8E-404C-803C-57A197B3BB31}.CD_ROM|Any CPU.Build.0 = Release|Any CPU
		{92E1C751-BA8E-404C-803C-57A197B3BB31}.CD_ROM|Mixed Platforms.ActiveCfg = Release|x86
		{92E1C751-BA8E-404C-803C-57A197B3BB31}.CD_ROM|Mixed Platforms.Build.0 = Release|x86
		{92E1C751-BA8E-404C-803C-57A197B3BB31}.CD_ROM|x86.ActiveCfg = Release|x86
		{92E1C751-BA8E-404C-803C-57A197B3BB31}.CD_ROM|x86.Build.0 = Release|x86
		{92E1C751-BA8E-404C-803C-57A197B3BB31}.Debug|Any CPU.ActiveCfg = Debug|Any CPU
		{92E1C751-BA8E-404C-803C-57A197B3BB31}.Debug|Any CPU.Build.0 = Debug|Any CPU
		{92E1C751-BA8E-404C-803C-57A197B3BB31}.Debug|Mixed Platforms.ActiveCfg = Debug|x86
		{92E1C751-BA8E-404C-803C-57A197B3BB31}.Debug|Mixed Platforms.Build.0 = Debug|x86
		{92E1C751-BA8E-404C-803C-57A197B3BB31}.Debug|x86.ActiveCfg = Debug|x86
		{92E1C751-BA8E-404C-803C-57A197B3BB31}.Debug|x86.Build.0 = Debug|x86
		{92E1C751-BA8E-404C-803C-57A197B3BB31}.DVD-5|Any CPU.ActiveCfg = Debug|Any CPU
		{92E1C751-BA8E-404C-803C-57A197B3BB31}.DVD-5|Any CPU.Build.0 = Debug|Any CPU
		{92E1C751-BA8E-404C-803C-57A197B3BB31}.DVD-5|Mixed Platforms.ActiveCfg = Debug|x86
		{92E1C751-BA8E-404C-803C-57A197B3BB31}.DVD-5|Mixed Platforms.Build.0 = Debug|x86
		{92E1C751-BA8E-404C-803C-57A197B3BB31}.DVD-5|x86.ActiveCfg = Debug|x86
		{92E1C751-BA8E-404C-803C-57A197B3BB31}.DVD-5|x86.Build.0 = Debug|x86
		{92E1C751-BA8E-404C-803C-57A197B3BB31}.Release|Any CPU.ActiveCfg = Release|Any CPU
		{92E1C751-BA8E-404C-803C-57A197B3BB31}.Release|Any CPU.Build.0 = Release|Any CPU
		{92E1C751-BA8E-404C-803C-57A197B3BB31}.Release|Mixed Platforms.ActiveCfg = Release|x86
		{92E1C751-BA8E-404C-803C-57A197B3BB31}.Release|Mixed Platforms.Build.0 = Release|x86
		{92E1C751-BA8E-404C-803C-57A197B3BB31}.Release|x86.ActiveCfg = Release|x86
		{92E1C751-BA8E-404C-803C-57A197B3BB31}.Release|x86.Build.0 = Release|x86
		{92E1C751-BA8E-404C-803C-57A197B3BB31}.SingleImage|Any CPU.ActiveCfg = Release|Any CPU
		{92E1C751-BA8E-404C-803C-57A197B3BB31}.SingleImage|Any CPU.Build.0 = Release|Any CPU
		{92E1C751-BA8E-404C-803C-57A197B3BB31}.SingleImage|Mixed Platforms.ActiveCfg = Release|x86
		{92E1C751-BA8E-404C-803C-57A197B3BB31}.SingleImage|Mixed Platforms.Build.0 = Release|x86
		{92E1C751-BA8E-404C-803C-57A197B3BB31}.SingleImage|x86.ActiveCfg = Release|x86
		{92E1C751-BA8E-404C-803C-57A197B3BB31}.SingleImage|x86.Build.0 = Release|x86
		{D9109556-5B27-4FF2-AB53-837DF91A5466}.CD_ROM|Any CPU.ActiveCfg = Release|Any CPU
		{D9109556-5B27-4FF2-AB53-837DF91A5466}.CD_ROM|Any CPU.Build.0 = Release|Any CPU
		{D9109556-5B27-4FF2-AB53-837DF91A5466}.CD_ROM|Mixed Platforms.ActiveCfg = Release|x86
		{D9109556-5B27-4FF2-AB53-837DF91A5466}.CD_ROM|Mixed Platforms.Build.0 = Release|x86
		{D9109556-5B27-4FF2-AB53-837DF91A5466}.CD_ROM|x86.ActiveCfg = Release|x86
		{D9109556-5B27-4FF2-AB53-837DF91A5466}.CD_ROM|x86.Build.0 = Release|x86
		{D9109556-5B27-4FF2-AB53-837DF91A5466}.Debug|Any CPU.ActiveCfg = Debug|Any CPU
		{D9109556-5B27-4FF2-AB53-837DF91A5466}.Debug|Any CPU.Build.0 = Debug|Any CPU
		{D9109556-5B27-4FF2-AB53-837DF91A5466}.Debug|Mixed Platforms.ActiveCfg = Debug|x86
		{D9109556-5B27-4FF2-AB53-837DF91A5466}.Debug|Mixed Platforms.Build.0 = Debug|x86
		{D9109556-5B27-4FF2-AB53-837DF91A5466}.Debug|x86.ActiveCfg = Debug|x86
		{D9109556-5B27-4FF2-AB53-837DF91A5466}.Debug|x86.Build.0 = Debug|x86
		{D9109556-5B27-4FF2-AB53-837DF91A5466}.DVD-5|Any CPU.ActiveCfg = Debug|Any CPU
		{D9109556-5B27-4FF2-AB53-837DF91A5466}.DVD-5|Any CPU.Build.0 = Debug|Any CPU
		{D9109556-5B27-4FF2-AB53-837DF91A5466}.DVD-5|Mixed Platforms.ActiveCfg = Debug|x86
		{D9109556-5B27-4FF2-AB53-837DF91A5466}.DVD-5|Mixed Platforms.Build.0 = Debug|x86
		{D9109556-5B27-4FF2-AB53-837DF91A5466}.DVD-5|x86.ActiveCfg = Debug|x86
		{D9109556-5B27-4FF2-AB53-837DF91A5466}.DVD-5|x86.Build.0 = Debug|x86
		{D9109556-5B27-4FF2-AB53-837DF91A5466}.Release|Any CPU.ActiveCfg = Release|Any CPU
		{D9109556-5B27-4FF2-AB53-837DF91A5466}.Release|Any CPU.Build.0 = Release|Any CPU
		{D9109556-5B27-4FF2-AB53-837DF91A5466}.Release|Mixed Platforms.ActiveCfg = Release|x86
		{D9109556-5B27-4FF2-AB53-837DF91A5466}.Release|Mixed Platforms.Build.0 = Release|x86
		{D9109556-5B27-4FF2-AB53-837DF91A5466}.Release|x86.ActiveCfg = Release|x86
		{D9109556-5B27-4FF2-AB53-837DF91A5466}.Release|x86.Build.0 = Release|x86
		{D9109556-5B27-4FF2-AB53-837DF91A5466}.SingleImage|Any CPU.ActiveCfg = Release|Any CPU
		{D9109556-5B27-4FF2-AB53-837DF91A5466}.SingleImage|Any CPU.Build.0 = Release|Any CPU
		{D9109556-5B27-4FF2-AB53-837DF91A5466}.SingleImage|Mixed Platforms.ActiveCfg = Release|x86
		{D9109556-5B27-4FF2-AB53-837DF91A5466}.SingleImage|Mixed Platforms.Build.0 = Release|x86
		{D9109556-5B27-4FF2-AB53-837DF91A5466}.SingleImage|x86.ActiveCfg = Release|x86
		{D9109556-5B27-4FF2-AB53-837DF91A5466}.SingleImage|x86.Build.0 = Release|x86
		{5276151E-F717-4893-9A09-C9DD3CE65F83}.CD_ROM|Any CPU.ActiveCfg = Release|Any CPU
		{5276151E-F717-4893-9A09-C9DD3CE65F83}.CD_ROM|Any CPU.Build.0 = Release|Any CPU
		{5276151E-F717-4893-9A09-C9DD3CE65F83}.CD_ROM|Mixed Platforms.ActiveCfg = Release|x86
		{5276151E-F717-4893-9A09-C9DD3CE65F83}.CD_ROM|Mixed Platforms.Build.0 = Release|x86
		{5276151E-F717-4893-9A09-C9DD3CE65F83}.CD_ROM|x86.ActiveCfg = Release|x86
		{5276151E-F717-4893-9A09-C9DD3CE65F83}.CD_ROM|x86.Build.0 = Release|x86
		{5276151E-F717-4893-9A09-C9DD3CE65F83}.Debug|Any CPU.ActiveCfg = Debug|Any CPU
		{5276151E-F717-4893-9A09-C9DD3CE65F83}.Debug|Any CPU.Build.0 = Debug|Any CPU
		{5276151E-F717-4893-9A09-C9DD3CE65F83}.Debug|Mixed Platforms.ActiveCfg = Debug|x86
		{5276151E-F717-4893-9A09-C9DD3CE65F83}.Debug|Mixed Platforms.Build.0 = Debug|x86
		{5276151E-F717-4893-9A09-C9DD3CE65F83}.Debug|x86.ActiveCfg = Debug|x86
		{5276151E-F717-4893-9A09-C9DD3CE65F83}.Debug|x86.Build.0 = Debug|x86
		{5276151E-F717-4893-9A09-C9DD3CE65F83}.DVD-5|Any CPU.ActiveCfg = Debug|Any CPU
		{5276151E-F717-4893-9A09-C9DD3CE65F83}.DVD-5|Any CPU.Build.0 = Debug|Any CPU
		{5276151E-F717-4893-9A09-C9DD3CE65F83}.DVD-5|Mixed Platforms.ActiveCfg = Debug|x86
		{5276151E-F717-4893-9A09-C9DD3CE65F83}.DVD-5|Mixed Platforms.Build.0 = Debug|x86
		{5276151E-F717-4893-9A09-C9DD3CE65F83}.DVD-5|x86.ActiveCfg = Debug|x86
		{5276151E-F717-4893-9A09-C9DD3CE65F83}.DVD-5|x86.Build.0 = Debug|x86
		{5276151E-F717-4893-9A09-C9DD3CE65F83}.Release|Any CPU.ActiveCfg = Release|Any CPU
		{5276151E-F717-4893-9A09-C9DD3CE65F83}.Release|Any CPU.Build.0 = Release|Any CPU
		{5276151E-F717-4893-9A09-C9DD3CE65F83}.Release|Mixed Platforms.ActiveCfg = Release|x86
		{5276151E-F717-4893-9A09-C9DD3CE65F83}.Release|Mixed Platforms.Build.0 = Release|x86
		{5276151E-F717-4893-9A09-C9DD3CE65F83}.Release|x86.ActiveCfg = Release|x86
		{5276151E-F717-4893-9A09-C9DD3CE65F83}.Release|x86.Build.0 = Release|x86
		{5276151E-F717-4893-9A09-C9DD3CE65F83}.SingleImage|Any CPU.ActiveCfg = Release|Any CPU
		{5276151E-F717-4893-9A09-C9DD3CE65F83}.SingleImage|Any CPU.Build.0 = Release|Any CPU
		{5276151E-F717-4893-9A09-C9DD3CE65F83}.SingleImage|Mixed Platforms.ActiveCfg = Release|x86
		{5276151E-F717-4893-9A09-C9DD3CE65F83}.SingleImage|Mixed Platforms.Build.0 = Release|x86
		{5276151E-F717-4893-9A09-C9DD3CE65F83}.SingleImage|x86.ActiveCfg = Release|x86
		{5276151E-F717-4893-9A09-C9DD3CE65F83}.SingleImage|x86.Build.0 = Release|x86
		{5891D6C4-E0CE-4511-B689-B845491470F0}.CD_ROM|Any CPU.ActiveCfg = Release|Any CPU
		{5891D6C4-E0CE-4511-B689-B845491470F0}.CD_ROM|Any CPU.Build.0 = Release|Any CPU
		{5891D6C4-E0CE-4511-B689-B845491470F0}.CD_ROM|Mixed Platforms.ActiveCfg = Release|Any CPU
		{5891D6C4-E0CE-4511-B689-B845491470F0}.CD_ROM|Mixed Platforms.Build.0 = Release|Any CPU
		{5891D6C4-E0CE-4511-B689-B845491470F0}.CD_ROM|x86.ActiveCfg = Release|Any CPU
		{5891D6C4-E0CE-4511-B689-B845491470F0}.Debug|Any CPU.ActiveCfg = Debug|Any CPU
		{5891D6C4-E0CE-4511-B689-B845491470F0}.Debug|Any CPU.Build.0 = Debug|Any CPU
		{5891D6C4-E0CE-4511-B689-B845491470F0}.Debug|Mixed Platforms.ActiveCfg = Debug|Any CPU
		{5891D6C4-E0CE-4511-B689-B845491470F0}.Debug|Mixed Platforms.Build.0 = Debug|Any CPU
		{5891D6C4-E0CE-4511-B689-B845491470F0}.Debug|x86.ActiveCfg = Debug|Any CPU
		{5891D6C4-E0CE-4511-B689-B845491470F0}.DVD-5|Any CPU.ActiveCfg = Debug|Any CPU
		{5891D6C4-E0CE-4511-B689-B845491470F0}.DVD-5|Any CPU.Build.0 = Debug|Any CPU
		{5891D6C4-E0CE-4511-B689-B845491470F0}.DVD-5|Mixed Platforms.ActiveCfg = Debug|Any CPU
		{5891D6C4-E0CE-4511-B689-B845491470F0}.DVD-5|Mixed Platforms.Build.0 = Debug|Any CPU
		{5891D6C4-E0CE-4511-B689-B845491470F0}.DVD-5|x86.ActiveCfg = Debug|Any CPU
		{5891D6C4-E0CE-4511-B689-B845491470F0}.Release|Any CPU.ActiveCfg = Release|Any CPU
		{5891D6C4-E0CE-4511-B689-B845491470F0}.Release|Any CPU.Build.0 = Release|Any CPU
		{5891D6C4-E0CE-4511-B689-B845491470F0}.Release|Mixed Platforms.ActiveCfg = Release|Any CPU
		{5891D6C4-E0CE-4511-B689-B845491470F0}.Release|Mixed Platforms.Build.0 = Release|Any CPU
		{5891D6C4-E0CE-4511-B689-B845491470F0}.Release|x86.ActiveCfg = Release|Any CPU
		{5891D6C4-E0CE-4511-B689-B845491470F0}.SingleImage|Any CPU.ActiveCfg = Release|Any CPU
		{5891D6C4-E0CE-4511-B689-B845491470F0}.SingleImage|Any CPU.Build.0 = Release|Any CPU
		{5891D6C4-E0CE-4511-B689-B845491470F0}.SingleImage|Mixed Platforms.ActiveCfg = Release|Any CPU
		{5891D6C4-E0CE-4511-B689-B845491470F0}.SingleImage|Mixed Platforms.Build.0 = Release|Any CPU
		{5891D6C4-E0CE-4511-B689-B845491470F0}.SingleImage|x86.ActiveCfg = Release|Any CPU
		{18B30FBC-EF6C-4872-AD25-E7E2169C1239}.CD_ROM|Any CPU.ActiveCfg = Release|Any CPU
		{18B30FBC-EF6C-4872-AD25-E7E2169C1239}.CD_ROM|Any CPU.Build.0 = Release|Any CPU
		{18B30FBC-EF6C-4872-AD25-E7E2169C1239}.CD_ROM|Mixed Platforms.ActiveCfg = Release|Any CPU
		{18B30FBC-EF6C-4872-AD25-E7E2169C1239}.CD_ROM|Mixed Platforms.Build.0 = Release|Any CPU
		{18B30FBC-EF6C-4872-AD25-E7E2169C1239}.CD_ROM|x86.ActiveCfg = Release|Any CPU
		{18B30FBC-EF6C-4872-AD25-E7E2169C1239}.Debug|Any CPU.ActiveCfg = Debug|Any CPU
		{18B30FBC-EF6C-4872-AD25-E7E2169C1239}.Debug|Any CPU.Build.0 = Debug|Any CPU
		{18B30FBC-EF6C-4872-AD25-E7E2169C1239}.Debug|Mixed Platforms.ActiveCfg = Debug|Any CPU
		{18B30FBC-EF6C-4872-AD25-E7E2169C1239}.Debug|Mixed Platforms.Build.0 = Debug|Any CPU
		{18B30FBC-EF6C-4872-AD25-E7E2169C1239}.Debug|x86.ActiveCfg = Debug|Any CPU
		{18B30FBC-EF6C-4872-AD25-E7E2169C1239}.DVD-5|Any CPU.ActiveCfg = Debug|Any CPU
		{18B30FBC-EF6C-4872-AD25-E7E2169C1239}.DVD-5|Any CPU.Build.0 = Debug|Any CPU
		{18B30FBC-EF6C-4872-AD25-E7E2169C1239}.DVD-5|Mixed Platforms.ActiveCfg = Debug|Any CPU
		{18B30FBC-EF6C-4872-AD25-E7E2169C1239}.DVD-5|Mixed Platforms.Build.0 = Debug|Any CPU
		{18B30FBC-EF6C-4872-AD25-E7E2169C1239}.DVD-5|x86.ActiveCfg = Debug|Any CPU
		{18B30FBC-EF6C-4872-AD25-E7E2169C1239}.Release|Any CPU.ActiveCfg = Release|Any CPU
		{18B30FBC-EF6C-4872-AD25-E7E2169C1239}.Release|Any CPU.Build.0 = Release|Any CPU
		{18B30FBC-EF6C-4872-AD25-E7E2169C1239}.Release|Mixed Platforms.ActiveCfg = Release|Any CPU
		{18B30FBC-EF6C-4872-AD25-E7E2169C1239}.Release|Mixed Platforms.Build.0 = Release|Any CPU
		{18B30FBC-EF6C-4872-AD25-E7E2169C1239}.Release|x86.ActiveCfg = Release|Any CPU
		{18B30FBC-EF6C-4872-AD25-E7E2169C1239}.SingleImage|Any CPU.ActiveCfg = Release|Any CPU
		{18B30FBC-EF6C-4872-AD25-E7E2169C1239}.SingleImage|Any CPU.Build.0 = Release|Any CPU
		{18B30FBC-EF6C-4872-AD25-E7E2169C1239}.SingleImage|Mixed Platforms.ActiveCfg = Release|Any CPU
		{18B30FBC-EF6C-4872-AD25-E7E2169C1239}.SingleImage|Mixed Platforms.Build.0 = Release|Any CPU
		{18B30FBC-EF6C-4872-AD25-E7E2169C1239}.SingleImage|x86.ActiveCfg = Release|Any CPU
		{F57D5BE8-FA71-49B7-A074-F0D2E0030B4F}.CD_ROM|Any CPU.ActiveCfg = Release|Any CPU
		{F57D5BE8-FA71-49B7-A074-F0D2E0030B4F}.CD_ROM|Any CPU.Build.0 = Release|Any CPU
		{F57D5BE8-FA71-49B7-A074-F0D2E0030B4F}.CD_ROM|Mixed Platforms.ActiveCfg = Release|Any CPU
		{F57D5BE8-FA71-49B7-A074-F0D2E0030B4F}.CD_ROM|Mixed Platforms.Build.0 = Release|Any CPU
		{F57D5BE8-FA71-49B7-A074-F0D2E0030B4F}.CD_ROM|x86.ActiveCfg = Release|Any CPU
		{F57D5BE8-FA71-49B7-A074-F0D2E0030B4F}.Debug|Any CPU.ActiveCfg = Debug|Any CPU
		{F57D5BE8-FA71-49B7-A074-F0D2E0030B4F}.Debug|Any CPU.Build.0 = Debug|Any CPU
		{F57D5BE8-FA71-49B7-A074-F0D2E0030B4F}.Debug|Mixed Platforms.ActiveCfg = Debug|Any CPU
		{F57D5BE8-FA71-49B7-A074-F0D2E0030B4F}.Debug|Mixed Platforms.Build.0 = Debug|Any CPU
		{F57D5BE8-FA71-49B7-A074-F0D2E0030B4F}.Debug|x86.ActiveCfg = Debug|Any CPU
		{F57D5BE8-FA71-49B7-A074-F0D2E0030B4F}.DVD-5|Any CPU.ActiveCfg = Debug|Any CPU
		{F57D5BE8-FA71-49B7-A074-F0D2E0030B4F}.DVD-5|Any CPU.Build.0 = Debug|Any CPU
		{F57D5BE8-FA71-49B7-A074-F0D2E0030B4F}.DVD-5|Mixed Platforms.ActiveCfg = Debug|Any CPU
		{F57D5BE8-FA71-49B7-A074-F0D2E0030B4F}.DVD-5|Mixed Platforms.Build.0 = Debug|Any CPU
		{F57D5BE8-FA71-49B7-A074-F0D2E0030B4F}.DVD-5|x86.ActiveCfg = Debug|Any CPU
		{F57D5BE8-FA71-49B7-A074-F0D2E0030B4F}.Release|Any CPU.ActiveCfg = Release|Any CPU
		{F57D5BE8-FA71-49B7-A074-F0D2E0030B4F}.Release|Any CPU.Build.0 = Release|Any CPU
		{F57D5BE8-FA71-49B7-A074-F0D2E0030B4F}.Release|Mixed Platforms.ActiveCfg = Release|Any CPU
		{F57D5BE8-FA71-49B7-A074-F0D2E0030B4F}.Release|Mixed Platforms.Build.0 = Release|Any CPU
		{F57D5BE8-FA71-49B7-A074-F0D2E0030B4F}.Release|x86.ActiveCfg = Release|Any CPU
		{F57D5BE8-FA71-49B7-A074-F0D2E0030B4F}.SingleImage|Any CPU.ActiveCfg = Release|Any CPU
		{F57D5BE8-FA71-49B7-A074-F0D2E0030B4F}.SingleImage|Any CPU.Build.0 = Release|Any CPU
		{F57D5BE8-FA71-49B7-A074-F0D2E0030B4F}.SingleImage|Mixed Platforms.ActiveCfg = Release|Any CPU
		{F57D5BE8-FA71-49B7-A074-F0D2E0030B4F}.SingleImage|Mixed Platforms.Build.0 = Release|Any CPU
		{F57D5BE8-FA71-49B7-A074-F0D2E0030B4F}.SingleImage|x86.ActiveCfg = Release|Any CPU
	EndGlobalSection
	GlobalSection(SolutionProperties) = preSolution
		HideSolutionNode = FALSE
	EndGlobalSection
EndGlobal
